
Microsoft Visual Studio Solution File, Format Version 12.00
# Visual Studio 15
VisualStudioVersion = 15.0.27004.2005
MinimumVisualStudioVersion = 10.0.40219.1
Project("{FAE04EC0-301F-11D3-BF4B-00C04F79EFBC}") = "FlyMain", "FlyMain.csproj", "{64D99D52-9523-4798-84AC-26D6A5EEEFB7}"
EndProject
Project("{FAE04EC0-301F-11D3-BF4B-00C04F79EFBC}") = "UnitTestProject1", "..\UnitTestProject1\UnitTestProject1.csproj", "{74F91E12-857E-4593-BA20-E049BFED2E6F}"
EndProject
Global
	GlobalSection(SolutionConfigurationPlatforms) = preSolution
		Debug|Any CPU = Debug|Any CPU
		Release|Any CPU = Release|Any CPU
	EndGlobalSection
	GlobalSection(ProjectConfigurationPlatforms) = postSolution
		{64D99D52-9523-4798-84AC-26D6A5EEEFB7}.Debug|Any CPU.ActiveCfg = Debug|Any CPU
		{64D99D52-9523-4798-84AC-26D6A5EEEFB7}.Debug|Any CPU.Build.0 = Debug|Any CPU
		{64D99D52-9523-4798-84AC-26D6A5EEEFB7}.Release|Any CPU.ActiveCfg = Release|Any CPU
		{64D99D52-9523-4798-84AC-26D6A5EEEFB7}.Release|Any CPU.Build.0 = Release|Any CPU
		{74F91E12-857E-4593-BA20-E049BFED2E6F}.Debug|Any CPU.ActiveCfg = Debug|Any CPU
		{74F91E12-857E-4593-BA20-E049BFED2E6F}.Debug|Any CPU.Build.0 = Debug|Any CPU
		{74F91E12-857E-4593-BA20-E049BFED2E6F}.Release|Any CPU.ActiveCfg = Release|Any CPU
		{74F91E12-857E-4593-BA20-E049BFED2E6F}.Release|Any CPU.Build.0 = Release|Any CPU
	EndGlobalSection
	GlobalSection(SolutionProperties) = preSolution
		HideSolutionNode = FALSE
	EndGlobalSection
	GlobalSection(ExtensibilityGlobals) = postSolution
		SolutionGuid = {FE303122-97E1-4898-A683-135D69D85018}
	EndGlobalSection
EndGlobal
